// !$*UTF8*$!
{
	archiveVersion = 1;
	classes = {
	};
	objectVersion = 56;
	objects = {

/* Begin PBXBuildFile section */
		6D12E212293FA187006876BF /* AppDelegate.swift in Sources */ = {isa = PBXBuildFile; fileRef = 6D12E211293FA187006876BF /* AppDelegate.swift */; };
		6D12E214293FA187006876BF /* SceneDelegate.swift in Sources */ = {isa = PBXBuildFile; fileRef = 6D12E213293FA187006876BF /* SceneDelegate.swift */; };
		6D12E216293FA187006876BF /* TareasViewController.swift in Sources */ = {isa = PBXBuildFile; fileRef = 6D12E215293FA187006876BF /* TareasViewController.swift */; };
		6D12E219293FA187006876BF /* Main.storyboard in Resources */ = {isa = PBXBuildFile; fileRef = 6D12E217293FA187006876BF /* Main.storyboard */; };
		6D12E21B293FA189006876BF /* Assets.xcassets in Resources */ = {isa = PBXBuildFile; fileRef = 6D12E21A293FA189006876BF /* Assets.xcassets */; };
		6D12E21E293FA189006876BF /* LaunchScreen.storyboard in Resources */ = {isa = PBXBuildFile; fileRef = 6D12E21C293FA189006876BF /* LaunchScreen.storyboard */; };
		6D12E226293FA64A006876BF /* TareaCeldaTableViewCell.swift in Sources */ = {isa = PBXBuildFile; fileRef = 6D12E225293FA64A006876BF /* TareaCeldaTableViewCell.swift */; };
		6D12E228293FAF29006876BF /* Tarea.swift in Sources */ = {isa = PBXBuildFile; fileRef = 6D12E227293FAF29006876BF /* Tarea.swift */; };
		6D12E22A293FBA63006876BF /* DetalleTareaViewController.swift in Sources */ = {isa = PBXBuildFile; fileRef = 6D12E229293FBA63006876BF /* DetalleTareaViewController.swift */; };
		6D12E22C293FC053006876BF /* EditarTareaViewController.swift in Sources */ = {isa = PBXBuildFile; fileRef = 6D12E22B293FC053006876BF /* EditarTareaViewController.swift */; };
		6D12E22E293FD088006876BF /* NuevaTareaViewController.swift in Sources */ = {isa = PBXBuildFile; fileRef = 6D12E22D293FD088006876BF /* NuevaTareaViewController.swift */; };
/* End PBXBuildFile section */

/* Begin PBXFileReference section */
		6D12E20E293FA187006876BF /* Reto3.app */ = {isa = PBXFileReference; explicitFileType = wrapper.application; includeInIndex = 0; path = Reto3.app; sourceTree = BUILT_PRODUCTS_DIR; };
		6D12E211293FA187006876BF /* AppDelegate.swift */ = {isa = PBXFileReference; lastKnownFileType = sourcecode.swift; path = AppDelegate.swift; sourceTree = "<group>"; };
		6D12E213293FA187006876BF /* SceneDelegate.swift */ = {isa = PBXFileReference; lastKnownFileType = sourcecode.swift; path = SceneDelegate.swift; sourceTree = "<group>"; };
		6D12E215293FA187006876BF /* TareasViewController.swift */ = {isa = PBXFileReference; lastKnownFileType = sourcecode.swift; path = TareasViewController.swift; sourceTree = "<group>"; };
		6D12E218293FA187006876BF /* Base */ = {isa = PBXFileReference; lastKnownFileType = file.storyboard; name = Base; path = Base.lproj/Main.storyboard; sourceTree = "<group>"; };
		6D12E21A293FA189006876BF /* Assets.xcassets */ = {isa = PBXFileReference; lastKnownFileType = folder.assetcatalog; path = Assets.xcassets; sourceTree = "<group>"; };
		6D12E21D293FA189006876BF /* Base */ = {isa = PBXFileReference; lastKnownFileType = file.storyboard; name = Base; path = Base.lproj/LaunchScreen.storyboard; sourceTree = "<group>"; };
		6D12E21F293FA189006876BF /* Info.plist */ = {isa = PBXFileReference; lastKnownFileType = text.plist.xml; path = Info.plist; sourceTree = "<group>"; };
		6D12E225293FA64A006876BF /* TareaCeldaTableViewCell.swift */ = {isa = PBXFileReference; lastKnownFileType = sourcecode.swift; path = TareaCeldaTableViewCell.swift; sourceTree = "<group>"; };
		6D12E227293FAF29006876BF /* Tarea.swift */ = {isa = PBXFileReference; lastKnownFileType = sourcecode.swift; path = Tarea.swift; sourceTree = "<group>"; };
		6D12E229293FBA63006876BF /* DetalleTareaViewController.swift */ = {isa = PBXFileReference; lastKnownFileType = sourcecode.swift; path = DetalleTareaViewController.swift; sourceTree = "<group>"; };
		6D12E22B293FC053006876BF /* EditarTareaViewController.swift */ = {isa = PBXFileReference; lastKnownFileType = sourcecode.swift; path = EditarTareaViewController.swift; sourceTree = "<group>"; };
		6D12E22D293FD088006876BF /* NuevaTareaViewController.swift */ = {isa = PBXFileReference; lastKnownFileType = sourcecode.swift; path = NuevaTareaViewController.swift; sourceTree = "<group>"; };
/* End PBXFileReference section */

/* Begin PBXFrameworksBuildPhase section */
		6D12E20B293FA187006876BF /* Frameworks */ = {
			isa = PBXFrameworksBuildPhase;
			buildActionMask = 2147483647;
			files = (
			);
			runOnlyForDeploymentPostprocessing = 0;
		};
/* End PBXFrameworksBuildPhase section */

/* Begin PBXGroup section */
		6D12E205293FA187006876BF = {
			isa = PBXGroup;
			children = (
				6D12E210293FA187006876BF /* Reto3 */,
				6D12E20F293FA187006876BF /* Products */,
			);
			sourceTree = "<group>";
		};
		6D12E20F293FA187006876BF /* Products */ = {
			isa = PBXGroup;
			children = (
				6D12E20E293FA187006876BF /* Reto3.app */,
			);
			name = Products;
			sourceTree = "<group>";
		};
		6D12E210293FA187006876BF /* Reto3 */ = {
			isa = PBXGroup;
			children = (
				6D12E215293FA187006876BF /* TareasViewController.swift */,
				6D12E217293FA187006876BF /* Main.storyboard */,
				6D12E213293FA187006876BF /* SceneDelegate.swift */,
				6D12E211293FA187006876BF /* AppDelegate.swift */,
				6D12E21A293FA189006876BF /* Assets.xcassets */,
				6D12E21C293FA189006876BF /* LaunchScreen.storyboard */,
				6D12E21F293FA189006876BF /* Info.plist */,
				6D12E225293FA64A006876BF /* TareaCeldaTableViewCell.swift */,
				6D12E227293FAF29006876BF /* Tarea.swift */,
				6D12E229293FBA63006876BF /* DetalleTareaViewController.swift */,
				6D12E22B293FC053006876BF /* EditarTareaViewController.swift */,
				6D12E22D293FD088006876BF /* NuevaTareaViewController.swift */,
			);
			path = Reto3;
			sourceTree = "<group>";
		};
/* End PBXGroup section */

/* Begin PBXNativeTarget section */
		6D12E20D293FA187006876BF /* Reto3 */ = {
			isa = PBXNativeTarget;
			buildConfigurationList = 6D12E222293FA189006876BF /* Build configuration list for PBXNativeTarget "Reto3" */;
			buildPhases = (
				6D12E20A293FA187006876BF /* Sources */,
				6D12E20B293FA187006876BF /* Frameworks */,
				6D12E20C293FA187006876BF /* Resources */,
			);
			buildRules = (
			);
			dependencies = (
			);
			name = Reto3;
			productName = Reto3;
			productReference = 6D12E20E293FA187006876BF /* Reto3.app */;
			productType = "com.apple.product-type.application";
		};
/* End PBXNativeTarget section */

/* Begin PBXProject section */
		6D12E206293FA187006876BF /* Project object */ = {
			isa = PBXProject;
			attributes = {
				BuildIndependentTargetsInParallel = 1;
				LastSwiftUpdateCheck = 1410;
				LastUpgradeCheck = 1410;
				TargetAttributes = {
					6D12E20D293FA187006876BF = {
						CreatedOnToolsVersion = 14.1;
					};
				};
			};
			buildConfigurationList = 6D12E209293FA187006876BF /* Build configuration list for PBXProject "Reto3" */;
			compatibilityVersion = "Xcode 14.0";
			developmentRegion = en;
			hasScannedForEncodings = 0;
			knownRegions = (
				en,
				Base,
			);
			mainGroup = 6D12E205293FA187006876BF;
			productRefGroup = 6D12E20F293FA187006876BF /* Products */;
			projectDirPath = "";
			projectRoot = "";
			targets = (
				6D12E20D293FA187006876BF /* Reto3 */,
			);
		};
/* End PBXProject section */

/* Begin PBXResourcesBuildPhase section */
		6D12E20C293FA187006876BF /* Resources */ = {
			isa = PBXResourcesBuildPhase;
			buildActionMask = 2147483647;
			files = (
				6D12E21E293FA189006876BF /* LaunchScreen.storyboard in Resources */,
				6D12E21B293FA189006876BF /* Assets.xcassets in Resources */,
				6D12E219293FA187006876BF /* Main.storyboard in Resources */,
			);
			runOnlyForDeploymentPostprocessing = 0;
		};
/* End PBXResourcesBuildPhase section */

/* Begin PBXSourcesBuildPhase section */
		6D12E20A293FA187006876BF /* Sources */ = {
			isa = PBXSourcesBuildPhase;
			buildActionMask = 2147483647;
			files = (
				6D12E216293FA187006876BF /* TareasViewController.swift in Sources */,
				6D12E226293FA64A006876BF /* TareaCeldaTableViewCell.swift in Sources */,
				6D12E22A293FBA63006876BF /* DetalleTareaViewController.swift in Sources */,
				6D12E22C293FC053006876BF /* EditarTareaViewController.swift in Sources */,
				6D12E22E293FD088006876BF /* NuevaTareaViewController.swift in Sources */,
				6D12E212293FA187006876BF /* AppDelegate.swift in Sources */,
				6D12E214293FA187006876BF /* SceneDelegate.swift in Sources */,
				6D12E228293FAF29006876BF /* Tarea.swift in Sources */,
			);
			runOnlyForDeploymentPostprocessing = 0;
		};
/* End PBXSourcesBuildPhase section */

/* Begin PBXVariantGroup section */
		6D12E217293FA187006876BF /* Main.storyboard */ = {
			isa = PBXVariantGroup;
			children = (
				6D12E218293FA187006876BF /* Base */,
			);
			name = Main.storyboard;
			sourceTree = "<group>";
		};
		6D12E21C293FA189006876BF /* LaunchScreen.storyboard */ = {
			isa = PBXVariantGroup;
			children = (
				6D12E21D293FA189006876BF /* Base */,
			);
			name = LaunchScreen.storyboard;
			sourceTree = "<group>";
		};
/* End PBXVariantGroup section */

/* Begin XCBuildConfiguration section */
		6D12E220293FA189006876BF /* Debug */ = {
			isa = XCBuildConfiguration;
			buildSettings = {
				ALWAYS_SEARCH_USER_PATHS = NO;
				CLANG_ANALYZER_NONNULL = YES;
				CLANG_ANALYZER_NUMBER_OBJECT_CONVERSION = YES_AGGRESSIVE;
				CLANG_CXX_LANGUAGE_STANDARD = "gnu++20";
				CLANG_ENABLE_MODULES = YES;
				CLANG_ENABLE_OBJC_ARC = YES;
				CLANG_ENABLE_OBJC_WEAK = YES;
				CLANG_WARN_BLOCK_CAPTURE_AUTORELEASING = YES;
				CLANG_WARN_BOOL_CONVERSION = YES;
				CLANG_WARN_COMMA = YES;
				CLANG_WARN_CONSTANT_CONVERSION = YES;
				CLANG_WARN_DEPRECATED_OBJC_IMPLEMENTATIONS = YES;
				CLANG_WARN_DIRECT_OBJC_ISA_USAGE = YES_ERROR;
				CLANG_WARN_DOCUMENTATION_COMMENTS = YES;
				CLANG_WARN_EMPTY_BODY = YES;
				CLANG_WARN_ENUM_CONVERSION = YES;
				CLANG_WARN_INFINITE_RECURSION = YES;
				CLANG_WARN_INT_CONVERSION = YES;
				CLANG_WARN_NON_LITERAL_NULL_CONVERSION = YES;
				CLANG_WARN_OBJC_IMPLICIT_RETAIN_SELF = YES;
				CLANG_WARN_OBJC_LITERAL_CONVERSION = YES;
				CLANG_WARN_OBJC_ROOT_CLASS = YES_ERROR;
				CLANG_WARN_QUOTED_INCLUDE_IN_FRAMEWORK_HEADER = YES;
				CLANG_WARN_RANGE_LOOP_ANALYSIS = YES;
				CLANG_WARN_STRICT_PROTOTYPES = YES;
				CLANG_WARN_SUSPICIOUS_MOVE = YES;
				CLANG_WARN_UNGUARDED_AVAILABILITY = YES_AGGRESSIVE;
				CLANG_WARN_UNREACHABLE_CODE = YES;
				CLANG_WARN__DUPLICATE_METHOD_MATCH = YES;
				COPY_PHASE_STRIP = NO;
				DEBUG_INFORMATION_FORMAT = dwarf;
				ENABLE_STRICT_OBJC_MSGSEND = YES;
				ENABLE_TESTABILITY = YES;
				GCC_C_LANGUAGE_STANDARD = gnu11;
				GCC_DYNAMIC_NO_PIC = NO;
				GCC_NO_COMMON_BLOCKS = YES;
				GCC_OPTIMIZATION_LEVEL = 0;
				GCC_PREPROCESSOR_DEFINITIONS = (
					"DEBUG=1",
					"$(inherited)",
				);
				GCC_WARN_64_TO_32_BIT_CONVERSION = YES;
				GCC_WARN_ABOUT_RETURN_TYPE = YES_ERROR;
				GCC_WARN_UNDECLARED_SELECTOR = YES;
				GCC_WARN_UNINITIALIZED_AUTOS = YES_AGGRESSIVE;
				GCC_WARN_UNUSED_FUNCTION = YES;
				GCC_WARN_UNUSED_VARIABLE = YES;
				IPHONEOS_DEPLOYMENT_TARGET = 16.1;
				MTL_ENABLE_DEBUG_INFO = INCLUDE_SOURCE;
				MTL_FAST_MATH = YES;
				ONLY_ACTIVE_ARCH = YES;
				SDKROOT = iphoneos;
				SWIFT_ACTIVE_COMPILATION_CONDITIONS = DEBUG;
				SWIFT_OPTIMIZATION_LEVEL = "-Onone";
			};
			name = Debug;
		};
		6D12E221293FA189006876BF /* Release */ = {
			isa = XCBuildConfiguration;
			buildSettings = {
				ALWAYS_SEARCH_USER_PATHS = NO;
				CLANG_ANALYZER_NONNULL = YES;
				CLANG_ANALYZER_NUMBER_OBJECT_CONVERSION = YES_AGGRESSIVE;
				CLANG_CXX_LANGUAGE_STANDARD = "gnu++20";
				CLANG_ENABLE_MODULES = YES;
				CLANG_ENABLE_OBJC_ARC = YES;
				CLANG_ENABLE_OBJC_WEAK = YES;
				CLANG_WARN_BLOCK_CAPTURE_AUTORELEASING = YES;
				CLANG_WARN_BOOL_CONVERSION = YES;
				CLANG_WARN_COMMA = YES;
				CLANG_WARN_CONSTANT_CONVERSION = YES;
				CLANG_WARN_DEPRECATED_OBJC_IMPLEMENTATIONS = YES;
				CLANG_WARN_DIRECT_OBJC_ISA_USAGE = YES_ERROR;
				CLANG_WARN_DOCUMENTATION_COMMENTS = YES;
				CLANG_WARN_EMPTY_BODY = YES;
				CLANG_WARN_ENUM_CONVERSION = YES;
				CLANG_WARN_INFINITE_RECURSION = YES;
				CLANG_WARN_INT_CONVERSION = YES;
				CLANG_WARN_NON_LITERAL_NULL_CONVERSION = YES;
				CLANG_WARN_OBJC_IMPLICIT_RETAIN_SELF = YES;
				CLANG_WARN_OBJC_LITERAL_CONVERSION = YES;
				CLANG_WARN_OBJC_ROOT_CLASS = YES_ERROR;
				CLANG_WARN_QUOTED_INCLUDE_IN_FRAMEWORK_HEADER = YES;
				CLANG_WARN_RANGE_LOOP_ANALYSIS = YES;
				CLANG_WARN_STRICT_PROTOTYPES = YES;
				CLANG_WARN_SUSPICIOUS_MOVE = YES;
				CLANG_WARN_UNGUARDED_AVAILABILITY = YES_AGGRESSIVE;
				CLANG_WARN_UNREACHABLE_CODE = YES;
				CLANG_WARN__DUPLICATE_METHOD_MATCH = YES;
				COPY_PHASE_STRIP = NO;
				DEBUG_INFORMATION_FORMAT = "dwarf-with-dsym";
				ENABLE_NS_ASSERTIONS = NO;
				ENABLE_STRICT_OBJC_MSGSEND = YES;
				GCC_C_LANGUAGE_STANDARD = gnu11;
				GCC_NO_COMMON_BLOCKS = YES;
				GCC_WARN_64_TO_32_BIT_CONVERSION = YES;
				GCC_WARN_ABOUT_RETURN_TYPE = YES_ERROR;
				GCC_WARN_UNDECLARED_SELECTOR = YES;
				GCC_WARN_UNINITIALIZED_AUTOS = YES_AGGRESSIVE;
				GCC_WARN_UNUSED_FUNCTION = YES;
				GCC_WARN_UNUSED_VARIABLE = YES;
				IPHONEOS_DEPLOYMENT_TARGET = 16.1;
				MTL_ENABLE_DEBUG_INFO = NO;
				MTL_FAST_MATH = YES;
				SDKROOT = iphoneos;
				SWIFT_COMPILATION_MODE = wholemodule;
				SWIFT_OPTIMIZATION_LEVEL = "-O";
				VALIDATE_PRODUCT = YES;
			};
			name = Release;
		};
		6D12E223293FA189006876BF /* Debug */ = {
			isa = XCBuildConfiguration;
			buildSettings = {
				ASSETCATALOG_COMPILER_APPICON_NAME = AppIcon;
				ASSETCATALOG_COMPILER_GLOBAL_ACCENT_COLOR_NAME = AccentColor;
				CODE_SIGN_STYLE = Automatic;
				CURRENT_PROJECT_VERSION = 1;
				DEVELOPMENT_TEAM = 5FTRQEU8QV;
				GENERATE_INFOPLIST_FILE = YES;
				INFOPLIST_FILE = Reto3/Info.plist;
				INFOPLIST_KEY_UIApplicationSupportsIndirectInputEvents = YES;
				INFOPLIST_KEY_UILaunchStoryboardName = LaunchScreen;
				INFOPLIST_KEY_UIMainStoryboardFile = Main;
				INFOPLIST_KEY_UISupportedInterfaceOrientations_iPad = "UIInterfaceOrientationPortrait UIInterfaceOrientationPortraitUpsideDown UIInterfaceOrientationLandscapeLeft UIInterfaceOrientationLandscapeRight";
				INFOPLIST_KEY_UISupportedInterfaceOrientations_iPhone = "UIInterfaceOrientationPortrait UIInterfaceOrientationLandscapeLeft UIInterfaceOrientationLandscapeRight";
				LD_RUNPATH_SEARCH_PATHS = (
					"$(inherited)",
					"@executable_path/Frameworks",
				);
				MARKETING_VERSION = 1.0;
				PRODUCT_BUNDLE_IDENTIFIER = com.hivegru.Reto3;
				PRODUCT_NAME = "$(TARGET_NAME)";
				SWIFT_EMIT_LOC_STRINGS = YES;
				SWIFT_VERSION = 5.0;
				TARGETED_DEVICE_FAMILY = "1,2";
			};
			name = Debug;
		};
		6D12E224293FA189006876BF /* Release */ = {
			isa = XCBuildConfiguration;
			buildSettings = {
				ASSETCATALOG_COMPILER_APPICON_NAME = AppIcon;
				ASSETCATALOG_COMPILER_GLOBAL_ACCENT_COLOR_NAME = AccentColor;
				CODE_SIGN_STYLE = Automatic;
				CURRENT_PROJECT_VERSION = 1;
				DEVELOPMENT_TEAM = 5FTRQEU8QV;
				GENERATE_INFOPLIST_FILE = YES;
				INFOPLIST_FILE = Reto3/Info.plist;
				INFOPLIST_KEY_UIApplicationSupportsIndirectInputEvents = YES;
				INFOPLIST_KEY_UILaunchStoryboardName = LaunchScreen;
				INFOPLIST_KEY_UIMainStoryboardFile = Main;
				INFOPLIST_KEY_UISupportedInterfaceOrientations_iPad = "UIInterfaceOrientationPortrait UIInterfaceOrientationPortraitUpsideDown UIInterfaceOrientationLandscapeLeft UIInterfaceOrientationLandscapeRight";
				INFOPLIST_KEY_UISupportedInterfaceOrientations_iPhone = "UIInterfaceOrientationPortrait UIInterfaceOrientationLandscapeLeft UIInterfaceOrientationLandscapeRight";
				LD_RUNPATH_SEARCH_PATHS = (
					"$(inherited)",
					"@executable_path/Frameworks",
				);
				MARKETING_VERSION = 1.0;
				PRODUCT_BUNDLE_IDENTIFIER = com.hivegru.Reto3;
				PRODUCT_NAME = "$(TARGET_NAME)";
				SWIFT_EMIT_LOC_STRINGS = YES;
				SWIFT_VERSION = 5.0;
				TARGETED_DEVICE_FAMILY = "1,2";
			};
			name = Release;
		};
/* End XCBuildConfiguration section */

/* Begin XCConfigurationList section */
		6D12E209293FA187006876BF /* Build configuration list for PBXProject "Reto3" */ = {
			isa = XCConfigurationList;
			buildConfigurations = (
				6D12E220293FA189006876BF /* Debug */,
				6D12E221293FA189006876BF /* Release */,
			);
			defaultConfigurationIsVisible = 0;
			defaultConfigurationName = Release;
		};
		6D12E222293FA189006876BF /* Build configuration list for PBXNativeTarget "Reto3" */ = {
			isa = XCConfigurationList;
			buildConfigurations = (
				6D12E223293FA189006876BF /* Debug */,
				6D12E224293FA189006876BF /* Release */,
			);
			defaultConfigurationIsVisible = 0;
			defaultConfigurationName = Release;
		};
/* End XCConfigurationList section */
	};
	rootObject = 6D12E206293FA187006876BF /* Project object */;
}
